
Microsoft Visual Studio Solution File, Format Version 12.00
# Visual Studio 14
VisualStudioVersion = 14.0.25420.1
MinimumVisualStudioVersion = 10.0.40219.1
Project("{FAE04EC0-301F-11D3-BF4B-00C04F79EFBC}") = "FSFilterDriverAPI", "FSFilterDriverAPI\FSFilterDriverAPI.csproj", "{97109D32-36CF-4009-9DD0-A3870205DE85}"
EndProject
Project("{FAE04EC0-301F-11D3-BF4B-00C04F79EFBC}") = "FSFilterDriverConsole", "FSFilterDriverConsole\FSFilterDriverConsole.csproj", "{BC5FB335-6927-4854-93B7-3FAF36FE52E3}"
EndProject
Project("{8BC9CEB8-8B4A-11D0-8D11-00A0C91BC942}") = "FSFilterDriver", "FSFilterDriver\FSFilterDriver.vcxproj", "{AA5895EB-53F3-4888-AF0E-29923C1C6E50}"
EndProject
Global
	GlobalSection(SolutionConfigurationPlatforms) = preSolution
		Debug|Any CPU = Debug|Any CPU
		Debug|x64 = Debug|x64
		Debug|x86 = Debug|x86
		Release|Any CPU = Release|Any CPU
		Release|x64 = Release|x64
		Release|x86 = Release|x86
	EndGlobalSection
	GlobalSection(ProjectConfigurationPlatforms) = postSolution
		{97109D32-36CF-4009-9DD0-A3870205DE85}.Debug|Any CPU.ActiveCfg = Debug|Any CPU
		{97109D32-36CF-4009-9DD0-A3870205DE85}.Debug|Any CPU.Build.0 = Debug|Any CPU
		{97109D32-36CF-4009-9DD0-A3870205DE85}.Debug|x64.ActiveCfg = Debug|Any CPU
		{97109D32-36CF-4009-9DD0-A3870205DE85}.Debug|x64.Build.0 = Debug|Any CPU
		{97109D32-36CF-4009-9DD0-A3870205DE85}.Debug|x86.ActiveCfg = Debug|Any CPU
		{97109D32-36CF-4009-9DD0-A3870205DE85}.Debug|x86.Build.0 = Debug|Any CPU
		{97109D32-36CF-4009-9DD0-A3870205DE85}.Release|Any CPU.ActiveCfg = Release|Any CPU
		{97109D32-36CF-4009-9DD0-A3870205DE85}.Release|Any CPU.Build.0 = Release|Any CPU
		{97109D32-36CF-4009-9DD0-A3870205DE85}.Release|x64.ActiveCfg = Release|Any CPU
		{97109D32-36CF-4009-9DD0-A3870205DE85}.Release|x64.Build.0 = Release|Any CPU
		{97109D32-36CF-4009-9DD0-A3870205DE85}.Release|x86.ActiveCfg = Release|Any CPU
		{97109D32-36CF-4009-9DD0-A3870205DE85}.Release|x86.Build.0 = Release|Any CPU
		{BC5FB335-6927-4854-93B7-3FAF36FE52E3}.Debug|Any CPU.ActiveCfg = Debug|Any CPU
		{BC5FB335-6927-4854-93B7-3FAF36FE52E3}.Debug|Any CPU.Build.0 = Debug|Any CPU
		{BC5FB335-6927-4854-93B7-3FAF36FE52E3}.Debug|x64.ActiveCfg = Debug|Any CPU
		{BC5FB335-6927-4854-93B7-3FAF36FE52E3}.Debug|x64.Build.0 = Debug|Any CPU
		{BC5FB335-6927-4854-93B7-3FAF36FE52E3}.Debug|x86.ActiveCfg = Debug|Any CPU
		{BC5FB335-6927-4854-93B7-3FAF36FE52E3}.Debug|x86.Build.0 = Debug|Any CPU
		{BC5FB335-6927-4854-93B7-3FAF36FE52E3}.Release|Any CPU.ActiveCfg = Release|Any CPU
		{BC5FB335-6927-4854-93B7-3FAF36FE52E3}.Release|Any CPU.Build.0 = Release|Any CPU
		{BC5FB335-6927-4854-93B7-3FAF36FE52E3}.Release|x64.ActiveCfg = Release|Any CPU
		{BC5FB335-6927-4854-93B7-3FAF36FE52E3}.Release|x64.Build.0 = Release|Any CPU
		{BC5FB335-6927-4854-93B7-3FAF36FE52E3}.Release|x86.ActiveCfg = Release|Any CPU
		{BC5FB335-6927-4854-93B7-3FAF36FE52E3}.Release|x86.Build.0 = Release|Any CPU
		{AA5895EB-53F3-4888-AF0E-29923C1C6E50}.Debug|Any CPU.ActiveCfg = Debug|x64
		{AA5895EB-53F3-4888-AF0E-29923C1C6E50}.Debug|Any CPU.Build.0 = Debug|x64
		{AA5895EB-53F3-4888-AF0E-29923C1C6E50}.Debug|x64.ActiveCfg = Debug|x64
		{AA5895EB-53F3-4888-AF0E-29923C1C6E50}.Debug|x64.Build.0 = Debug|x64
		{AA5895EB-53F3-4888-AF0E-29923C1C6E50}.Debug|x64.Deploy.0 = Debug|x64
		{AA5895EB-53F3-4888-AF0E-29923C1C6E50}.Debug|x86.ActiveCfg = Debug|x64
		{AA5895EB-53F3-4888-AF0E-29923C1C6E50}.Debug|x86.Build.0 = Debug|x64
		{AA5895EB-53F3-4888-AF0E-29923C1C6E50}.Debug|x86.Deploy.0 = Debug|x64
		{AA5895EB-53F3-4888-AF0E-29923C1C6E50}.Release|Any CPU.ActiveCfg = Release|Win32
		{AA5895EB-53F3-4888-AF0E-29923C1C6E50}.Release|x64.ActiveCfg = Release|x64
		{AA5895EB-53F3-4888-AF0E-29923C1C6E50}.Release|x64.Build.0 = Release|x64
		{AA5895EB-53F3-4888-AF0E-29923C1C6E50}.Release|x64.Deploy.0 = Release|x64
		{AA5895EB-53F3-4888-AF0E-29923C1C6E50}.Release|x86.ActiveCfg = Release|Win32
		{AA5895EB-53F3-4888-AF0E-29923C1C6E50}.Release|x86.Build.0 = Release|Win32
		{AA5895EB-53F3-4888-AF0E-29923C1C6E50}.Release|x86.Deploy.0 = Release|Win32
	EndGlobalSection
	GlobalSection(SolutionProperties) = preSolution
		HideSolutionNode = FALSE
	EndGlobalSection
EndGlobal
